// !$*UTF8*$!
{
	archiveVersion = 1;
	classes = {
	};
	objectVersion = 55;
	objects = {

/* Begin PBXBuildFile section */
		8809B45928D0493800245408 /* CommunitiesViewModel.swift in Sources */ = {isa = PBXBuildFile; fileRef = 8809B45828D0493800245408 /* CommunitiesViewModel.swift */; };
		8809B45B28D04BA900245408 /* CommunityCell.swift in Sources */ = {isa = PBXBuildFile; fileRef = 8809B45A28D04BA900245408 /* CommunityCell.swift */; };
		8828BC1B28CF76EF00EC1728 /* CommunitiesAPI.swift in Sources */ = {isa = PBXBuildFile; fileRef = 8828BC1A28CF76EF00EC1728 /* CommunitiesAPI.swift */; };
		8828BC2128CF799200EC1728 /* CommunitiesResponse.swift in Sources */ = {isa = PBXBuildFile; fileRef = 8828BC2028CF799200EC1728 /* CommunitiesResponse.swift */; };
		885AA86328CA142500BFC779 /* AppDelegate.swift in Sources */ = {isa = PBXBuildFile; fileRef = 885AA86228CA142500BFC779 /* AppDelegate.swift */; };
		885AA86528CA142500BFC779 /* SceneDelegate.swift in Sources */ = {isa = PBXBuildFile; fileRef = 885AA86428CA142500BFC779 /* SceneDelegate.swift */; };
		885AA86728CA142500BFC779 /* AuthViewController.swift in Sources */ = {isa = PBXBuildFile; fileRef = 885AA86628CA142500BFC779 /* AuthViewController.swift */; };
		885AA86C28CA142500BFC779 /* Assets.xcassets in Resources */ = {isa = PBXBuildFile; fileRef = 885AA86B28CA142500BFC779 /* Assets.xcassets */; };
		885AA86F28CA142500BFC779 /* LaunchScreen.storyboard in Resources */ = {isa = PBXBuildFile; fileRef = 885AA86D28CA142500BFC779 /* LaunchScreen.storyboard */; };
		885AA87A28CA19EF00BFC779 /* FriendsViewController.swift in Sources */ = {isa = PBXBuildFile; fileRef = 885AA87928CA19EF00BFC779 /* FriendsViewController.swift */; };
		887653D428CCE47D00B2761A /* FriendsViewModel.swift in Sources */ = {isa = PBXBuildFile; fileRef = 887653D328CCE47D00B2761A /* FriendsViewModel.swift */; };
		887653D628CCE4DA00B2761A /* FriendsAPI.swift in Sources */ = {isa = PBXBuildFile; fileRef = 887653D528CCE4DA00B2761A /* FriendsAPI.swift */; };
		887653D928CCE59F00B2761A /* FriendsResponse.swift in Sources */ = {isa = PBXBuildFile; fileRef = 887653D828CCE59F00B2761A /* FriendsResponse.swift */; };
		887653DC28CCE61F00B2761A /* SDWebImage in Frameworks */ = {isa = PBXBuildFile; productRef = 887653DB28CCE61F00B2761A /* SDWebImage */; };
		887653DE28CCE63F00B2761A /* FriendCell.swift in Sources */ = {isa = PBXBuildFile; fileRef = 887653DD28CCE63F00B2761A /* FriendCell.swift */; };
		887653E128CCE6A000B2761A /* UIView+PinEdges.swift in Sources */ = {isa = PBXBuildFile; fileRef = 887653E028CCE6A000B2761A /* UIView+PinEdges.swift */; };
		887D61C228CDED3F0043358F /* Data+PrettyJSON.swift in Sources */ = {isa = PBXBuildFile; fileRef = 887D61C128CDED3F0043358F /* Data+PrettyJSON.swift */; };
		88DA3D2828CC660600961197 /* Session.swift in Sources */ = {isa = PBXBuildFile; fileRef = 88DA3D2728CC660600961197 /* Session.swift */; };
		88DA3D2A28CC6D7100961197 /* MainTabBarViewController.swift in Sources */ = {isa = PBXBuildFile; fileRef = 88DA3D2928CC6D7100961197 /* MainTabBarViewController.swift */; };
		88DA3D2C28CC6E7D00961197 /* CommunitiesViewController.swift in Sources */ = {isa = PBXBuildFile; fileRef = 88DA3D2B28CC6E7D00961197 /* CommunitiesViewController.swift */; };
/* End PBXBuildFile section */

/* Begin PBXFileReference section */
		8809B45828D0493800245408 /* CommunitiesViewModel.swift */ = {isa = PBXFileReference; lastKnownFileType = sourcecode.swift; path = CommunitiesViewModel.swift; sourceTree = "<group>"; };
		8809B45A28D04BA900245408 /* CommunityCell.swift */ = {isa = PBXFileReference; lastKnownFileType = sourcecode.swift; path = CommunityCell.swift; sourceTree = "<group>"; };
		8828BC1A28CF76EF00EC1728 /* CommunitiesAPI.swift */ = {isa = PBXFileReference; lastKnownFileType = sourcecode.swift; path = CommunitiesAPI.swift; sourceTree = "<group>"; };
		8828BC2028CF799200EC1728 /* CommunitiesResponse.swift */ = {isa = PBXFileReference; lastKnownFileType = sourcecode.swift; path = CommunitiesResponse.swift; sourceTree = "<group>"; };
		885AA85F28CA142500BFC779 /* vk-api-project.app */ = {isa = PBXFileReference; explicitFileType = wrapper.application; includeInIndex = 0; path = "vk-api-project.app"; sourceTree = BUILT_PRODUCTS_DIR; };
		885AA86228CA142500BFC779 /* AppDelegate.swift */ = {isa = PBXFileReference; lastKnownFileType = sourcecode.swift; path = AppDelegate.swift; sourceTree = "<group>"; };
		885AA86428CA142500BFC779 /* SceneDelegate.swift */ = {isa = PBXFileReference; lastKnownFileType = sourcecode.swift; path = SceneDelegate.swift; sourceTree = "<group>"; };
		885AA86628CA142500BFC779 /* AuthViewController.swift */ = {isa = PBXFileReference; lastKnownFileType = sourcecode.swift; path = AuthViewController.swift; sourceTree = "<group>"; };
		885AA86B28CA142500BFC779 /* Assets.xcassets */ = {isa = PBXFileReference; lastKnownFileType = folder.assetcatalog; path = Assets.xcassets; sourceTree = "<group>"; };
		885AA86E28CA142500BFC779 /* Base */ = {isa = PBXFileReference; lastKnownFileType = file.storyboard; name = Base; path = Base.lproj/LaunchScreen.storyboard; sourceTree = "<group>"; };
		885AA87028CA142500BFC779 /* Info.plist */ = {isa = PBXFileReference; lastKnownFileType = text.plist.xml; path = Info.plist; sourceTree = "<group>"; };
		885AA87928CA19EF00BFC779 /* FriendsViewController.swift */ = {isa = PBXFileReference; lastKnownFileType = sourcecode.swift; path = FriendsViewController.swift; sourceTree = "<group>"; };
		887653D328CCE47D00B2761A /* FriendsViewModel.swift */ = {isa = PBXFileReference; lastKnownFileType = sourcecode.swift; path = FriendsViewModel.swift; sourceTree = "<group>"; };
		887653D528CCE4DA00B2761A /* FriendsAPI.swift */ = {isa = PBXFileReference; lastKnownFileType = sourcecode.swift; path = FriendsAPI.swift; sourceTree = "<group>"; };
		887653D828CCE59F00B2761A /* FriendsResponse.swift */ = {isa = PBXFileReference; lastKnownFileType = sourcecode.swift; path = FriendsResponse.swift; sourceTree = "<group>"; };
		887653DD28CCE63F00B2761A /* FriendCell.swift */ = {isa = PBXFileReference; lastKnownFileType = sourcecode.swift; path = FriendCell.swift; sourceTree = "<group>"; };
		887653E028CCE6A000B2761A /* UIView+PinEdges.swift */ = {isa = PBXFileReference; lastKnownFileType = sourcecode.swift; path = "UIView+PinEdges.swift"; sourceTree = "<group>"; };
		887D61C128CDED3F0043358F /* Data+PrettyJSON.swift */ = {isa = PBXFileReference; lastKnownFileType = sourcecode.swift; path = "Data+PrettyJSON.swift"; sourceTree = "<group>"; };
		88DA3D2728CC660600961197 /* Session.swift */ = {isa = PBXFileReference; lastKnownFileType = sourcecode.swift; path = Session.swift; sourceTree = "<group>"; };
		88DA3D2928CC6D7100961197 /* MainTabBarViewController.swift */ = {isa = PBXFileReference; lastKnownFileType = sourcecode.swift; path = MainTabBarViewController.swift; sourceTree = "<group>"; };
		88DA3D2B28CC6E7D00961197 /* CommunitiesViewController.swift */ = {isa = PBXFileReference; lastKnownFileType = sourcecode.swift; path = CommunitiesViewController.swift; sourceTree = "<group>"; };
/* End PBXFileReference section */

/* Begin PBXFrameworksBuildPhase section */
		885AA85C28CA142500BFC779 /* Frameworks */ = {
			isa = PBXFrameworksBuildPhase;
			buildActionMask = 2147483647;
			files = (
				887653DC28CCE61F00B2761A /* SDWebImage in Frameworks */,
			);
			runOnlyForDeploymentPostprocessing = 0;
		};
/* End PBXFrameworksBuildPhase section */

/* Begin PBXGroup section */
		885AA85628CA142500BFC779 = {
			isa = PBXGroup;
			children = (
				885AA86128CA142500BFC779 /* vk-api-project */,
				885AA86028CA142500BFC779 /* Products */,
			);
			sourceTree = "<group>";
		};
		885AA86028CA142500BFC779 /* Products */ = {
			isa = PBXGroup;
			children = (
				885AA85F28CA142500BFC779 /* vk-api-project.app */,
			);
			name = Products;
			sourceTree = "<group>";
		};
		885AA86128CA142500BFC779 /* vk-api-project */ = {
			isa = PBXGroup;
			children = (
				887653DF28CCE67C00B2761A /* Extensions */,
				885AA87628CA16BC00BFC779 /* Core */,
				887653D728CCE58100B2761A /* Models */,
				885AA87728CA16C600BFC779 /* Screens */,
				88DA3D2628CC65F200961197 /* Services */,
				885AA87828CA16D000BFC779 /* Resources */,
			);
			path = "vk-api-project";
			sourceTree = "<group>";
		};
		885AA87628CA16BC00BFC779 /* Core */ = {
			isa = PBXGroup;
			children = (
				885AA86228CA142500BFC779 /* AppDelegate.swift */,
				885AA86428CA142500BFC779 /* SceneDelegate.swift */,
				88DA3D2928CC6D7100961197 /* MainTabBarViewController.swift */,
			);
			path = Core;
			sourceTree = "<group>";
		};
		885AA87728CA16C600BFC779 /* Screens */ = {
			isa = PBXGroup;
			children = (
				88DA3D2D28CC78B000961197 /* Auth */,
				88DA3D2E28CC78BE00961197 /* Friends */,
				88DA3D3028CC78DF00961197 /* Communities */,
			);
			path = Screens;
			sourceTree = "<group>";
		};
		885AA87828CA16D000BFC779 /* Resources */ = {
			isa = PBXGroup;
			children = (
				885AA86B28CA142500BFC779 /* Assets.xcassets */,
				885AA86D28CA142500BFC779 /* LaunchScreen.storyboard */,
				885AA87028CA142500BFC779 /* Info.plist */,
			);
			path = Resources;
			sourceTree = "<group>";
		};
		887653D728CCE58100B2761A /* Models */ = {
			isa = PBXGroup;
			children = (
				887653D828CCE59F00B2761A /* FriendsResponse.swift */,
				8828BC2028CF799200EC1728 /* CommunitiesResponse.swift */,
			);
			path = Models;
			sourceTree = "<group>";
		};
		887653DF28CCE67C00B2761A /* Extensions */ = {
			isa = PBXGroup;
			children = (
				887653E028CCE6A000B2761A /* UIView+PinEdges.swift */,
				887D61C128CDED3F0043358F /* Data+PrettyJSON.swift */,
			);
			path = Extensions;
			sourceTree = "<group>";
		};
		88DA3D2628CC65F200961197 /* Services */ = {
			isa = PBXGroup;
			children = (
				88DA3D2728CC660600961197 /* Session.swift */,
				887653D528CCE4DA00B2761A /* FriendsAPI.swift */,
				8828BC1A28CF76EF00EC1728 /* CommunitiesAPI.swift */,
			);
			path = Services;
			sourceTree = "<group>";
		};
		88DA3D2D28CC78B000961197 /* Auth */ = {
			isa = PBXGroup;
			children = (
				885AA86628CA142500BFC779 /* AuthViewController.swift */,
			);
			path = Auth;
			sourceTree = "<group>";
		};
		88DA3D2E28CC78BE00961197 /* Friends */ = {
			isa = PBXGroup;
			children = (
				887653D328CCE47D00B2761A /* FriendsViewModel.swift */,
				885AA87928CA19EF00BFC779 /* FriendsViewController.swift */,
				887653DD28CCE63F00B2761A /* FriendCell.swift */,
			);
			path = Friends;
			sourceTree = "<group>";
		};
		88DA3D3028CC78DF00961197 /* Communities */ = {
			isa = PBXGroup;
			children = (
				88DA3D2B28CC6E7D00961197 /* CommunitiesViewController.swift */,
				8809B45828D0493800245408 /* CommunitiesViewModel.swift */,
				8809B45A28D04BA900245408 /* CommunityCell.swift */,
			);
			path = Communities;
			sourceTree = "<group>";
		};
/* End PBXGroup section */

/* Begin PBXNativeTarget section */
		885AA85E28CA142500BFC779 /* vk-api-project */ = {
			isa = PBXNativeTarget;
			buildConfigurationList = 885AA87328CA142500BFC779 /* Build configuration list for PBXNativeTarget "vk-api-project" */;
			buildPhases = (
				885AA85B28CA142500BFC779 /* Sources */,
				885AA85C28CA142500BFC779 /* Frameworks */,
				885AA85D28CA142500BFC779 /* Resources */,
			);
			buildRules = (
			);
			dependencies = (
			);
			name = "vk-api-project";
			packageProductDependencies = (
				887653DB28CCE61F00B2761A /* SDWebImage */,
			);
			productName = "vk-api-project";
			productReference = 885AA85F28CA142500BFC779 /* vk-api-project.app */;
			productType = "com.apple.product-type.application";
		};
/* End PBXNativeTarget section */

/* Begin PBXProject section */
		885AA85728CA142500BFC779 /* Project object */ = {
			isa = PBXProject;
			attributes = {
				BuildIndependentTargetsInParallel = 1;
				LastSwiftUpdateCheck = 1330;
				LastUpgradeCheck = 1330;
				TargetAttributes = {
					885AA85E28CA142500BFC779 = {
						CreatedOnToolsVersion = 13.3;
					};
				};
			};
			buildConfigurationList = 885AA85A28CA142500BFC779 /* Build configuration list for PBXProject "vk-api-project" */;
			compatibilityVersion = "Xcode 13.0";
			developmentRegion = en;
			hasScannedForEncodings = 0;
			knownRegions = (
				en,
				Base,
			);
			mainGroup = 885AA85628CA142500BFC779;
			packageReferences = (
				887653DA28CCE61F00B2761A /* XCRemoteSwiftPackageReference "SDWebImage" */,
			);
			productRefGroup = 885AA86028CA142500BFC779 /* Products */;
			projectDirPath = "";
			projectRoot = "";
			targets = (
				885AA85E28CA142500BFC779 /* vk-api-project */,
			);
		};
/* End PBXProject section */

/* Begin PBXResourcesBuildPhase section */
		885AA85D28CA142500BFC779 /* Resources */ = {
			isa = PBXResourcesBuildPhase;
			buildActionMask = 2147483647;
			files = (
				885AA86F28CA142500BFC779 /* LaunchScreen.storyboard in Resources */,
				885AA86C28CA142500BFC779 /* Assets.xcassets in Resources */,
			);
			runOnlyForDeploymentPostprocessing = 0;
		};
/* End PBXResourcesBuildPhase section */

/* Begin PBXSourcesBuildPhase section */
		885AA85B28CA142500BFC779 /* Sources */ = {
			isa = PBXSourcesBuildPhase;
			buildActionMask = 2147483647;
			files = (
				887653DE28CCE63F00B2761A /* FriendCell.swift in Sources */,
				887653D428CCE47D00B2761A /* FriendsViewModel.swift in Sources */,
				88DA3D2828CC660600961197 /* Session.swift in Sources */,
				8809B45B28D04BA900245408 /* CommunityCell.swift in Sources */,
				8828BC1B28CF76EF00EC1728 /* CommunitiesAPI.swift in Sources */,
				887653E128CCE6A000B2761A /* UIView+PinEdges.swift in Sources */,
				887653D928CCE59F00B2761A /* FriendsResponse.swift in Sources */,
				88DA3D2C28CC6E7D00961197 /* CommunitiesViewController.swift in Sources */,
				8828BC2128CF799200EC1728 /* CommunitiesResponse.swift in Sources */,
				885AA87A28CA19EF00BFC779 /* FriendsViewController.swift in Sources */,
				887653D628CCE4DA00B2761A /* FriendsAPI.swift in Sources */,
				885AA86728CA142500BFC779 /* AuthViewController.swift in Sources */,
				88DA3D2A28CC6D7100961197 /* MainTabBarViewController.swift in Sources */,
				885AA86328CA142500BFC779 /* AppDelegate.swift in Sources */,
				887D61C228CDED3F0043358F /* Data+PrettyJSON.swift in Sources */,
				8809B45928D0493800245408 /* CommunitiesViewModel.swift in Sources */,
				885AA86528CA142500BFC779 /* SceneDelegate.swift in Sources */,
			);
			runOnlyForDeploymentPostprocessing = 0;
		};
/* End PBXSourcesBuildPhase section */

/* Begin PBXVariantGroup section */
		885AA86D28CA142500BFC779 /* LaunchScreen.storyboard */ = {
			isa = PBXVariantGroup;
			children = (
				885AA86E28CA142500BFC779 /* Base */,
			);
			name = LaunchScreen.storyboard;
			sourceTree = "<group>";
		};
/* End PBXVariantGroup section */

/* Begin XCBuildConfiguration section */
		885AA87128CA142500BFC779 /* Debug */ = {
			isa = XCBuildConfiguration;
			buildSettings = {
				ALWAYS_SEARCH_USER_PATHS = NO;
				CLANG_ANALYZER_NONNULL = YES;
				CLANG_ANALYZER_NUMBER_OBJECT_CONVERSION = YES_AGGRESSIVE;
				CLANG_CXX_LANGUAGE_STANDARD = "gnu++17";
				CLANG_ENABLE_MODULES = YES;
				CLANG_ENABLE_OBJC_ARC = YES;
				CLANG_ENABLE_OBJC_WEAK = YES;
				CLANG_WARN_BLOCK_CAPTURE_AUTORELEASING = YES;
				CLANG_WARN_BOOL_CONVERSION = YES;
				CLANG_WARN_COMMA = YES;
				CLANG_WARN_CONSTANT_CONVERSION = YES;
				CLANG_WARN_DEPRECATED_OBJC_IMPLEMENTATIONS = YES;
				CLANG_WARN_DIRECT_OBJC_ISA_USAGE = YES_ERROR;
				CLANG_WARN_DOCUMENTATION_COMMENTS = YES;
				CLANG_WARN_EMPTY_BODY = YES;
				CLANG_WARN_ENUM_CONVERSION = YES;
				CLANG_WARN_INFINITE_RECURSION = YES;
				CLANG_WARN_INT_CONVERSION = YES;
				CLANG_WARN_NON_LITERAL_NULL_CONVERSION = YES;
				CLANG_WARN_OBJC_IMPLICIT_RETAIN_SELF = YES;
				CLANG_WARN_OBJC_LITERAL_CONVERSION = YES;
				CLANG_WARN_OBJC_ROOT_CLASS = YES_ERROR;
				CLANG_WARN_QUOTED_INCLUDE_IN_FRAMEWORK_HEADER = YES;
				CLANG_WARN_RANGE_LOOP_ANALYSIS = YES;
				CLANG_WARN_STRICT_PROTOTYPES = YES;
				CLANG_WARN_SUSPICIOUS_MOVE = YES;
				CLANG_WARN_UNGUARDED_AVAILABILITY = YES_AGGRESSIVE;
				CLANG_WARN_UNREACHABLE_CODE = YES;
				CLANG_WARN__DUPLICATE_METHOD_MATCH = YES;
				COPY_PHASE_STRIP = NO;
				DEBUG_INFORMATION_FORMAT = dwarf;
				ENABLE_STRICT_OBJC_MSGSEND = YES;
				ENABLE_TESTABILITY = YES;
				GCC_C_LANGUAGE_STANDARD = gnu11;
				GCC_DYNAMIC_NO_PIC = NO;
				GCC_NO_COMMON_BLOCKS = YES;
				GCC_OPTIMIZATION_LEVEL = 0;
				GCC_PREPROCESSOR_DEFINITIONS = (
					"DEBUG=1",
					"$(inherited)",
				);
				GCC_WARN_64_TO_32_BIT_CONVERSION = YES;
				GCC_WARN_ABOUT_RETURN_TYPE = YES_ERROR;
				GCC_WARN_UNDECLARED_SELECTOR = YES;
				GCC_WARN_UNINITIALIZED_AUTOS = YES_AGGRESSIVE;
				GCC_WARN_UNUSED_FUNCTION = YES;
				GCC_WARN_UNUSED_VARIABLE = YES;
				IPHONEOS_DEPLOYMENT_TARGET = 15.4;
				MTL_ENABLE_DEBUG_INFO = INCLUDE_SOURCE;
				MTL_FAST_MATH = YES;
				ONLY_ACTIVE_ARCH = YES;
				SDKROOT = iphoneos;
				SWIFT_ACTIVE_COMPILATION_CONDITIONS = DEBUG;
				SWIFT_OPTIMIZATION_LEVEL = "-Onone";
			};
			name = Debug;
		};
		885AA87228CA142500BFC779 /* Release */ = {
			isa = XCBuildConfiguration;
			buildSettings = {
				ALWAYS_SEARCH_USER_PATHS = NO;
				CLANG_ANALYZER_NONNULL = YES;
				CLANG_ANALYZER_NUMBER_OBJECT_CONVERSION = YES_AGGRESSIVE;
				CLANG_CXX_LANGUAGE_STANDARD = "gnu++17";
				CLANG_ENABLE_MODULES = YES;
				CLANG_ENABLE_OBJC_ARC = YES;
				CLANG_ENABLE_OBJC_WEAK = YES;
				CLANG_WARN_BLOCK_CAPTURE_AUTORELEASING = YES;
				CLANG_WARN_BOOL_CONVERSION = YES;
				CLANG_WARN_COMMA = YES;
				CLANG_WARN_CONSTANT_CONVERSION = YES;
				CLANG_WARN_DEPRECATED_OBJC_IMPLEMENTATIONS = YES;
				CLANG_WARN_DIRECT_OBJC_ISA_USAGE = YES_ERROR;
				CLANG_WARN_DOCUMENTATION_COMMENTS = YES;
				CLANG_WARN_EMPTY_BODY = YES;
				CLANG_WARN_ENUM_CONVERSION = YES;
				CLANG_WARN_INFINITE_RECURSION = YES;
				CLANG_WARN_INT_CONVERSION = YES;
				CLANG_WARN_NON_LITERAL_NULL_CONVERSION = YES;
				CLANG_WARN_OBJC_IMPLICIT_RETAIN_SELF = YES;
				CLANG_WARN_OBJC_LITERAL_CONVERSION = YES;
				CLANG_WARN_OBJC_ROOT_CLASS = YES_ERROR;
				CLANG_WARN_QUOTED_INCLUDE_IN_FRAMEWORK_HEADER = YES;
				CLANG_WARN_RANGE_LOOP_ANALYSIS = YES;
				CLANG_WARN_STRICT_PROTOTYPES = YES;
				CLANG_WARN_SUSPICIOUS_MOVE = YES;
				CLANG_WARN_UNGUARDED_AVAILABILITY = YES_AGGRESSIVE;
				CLANG_WARN_UNREACHABLE_CODE = YES;
				CLANG_WARN__DUPLICATE_METHOD_MATCH = YES;
				COPY_PHASE_STRIP = NO;
				DEBUG_INFORMATION_FORMAT = "dwarf-with-dsym";
				ENABLE_NS_ASSERTIONS = NO;
				ENABLE_STRICT_OBJC_MSGSEND = YES;
				GCC_C_LANGUAGE_STANDARD = gnu11;
				GCC_NO_COMMON_BLOCKS = YES;
				GCC_WARN_64_TO_32_BIT_CONVERSION = YES;
				GCC_WARN_ABOUT_RETURN_TYPE = YES_ERROR;
				GCC_WARN_UNDECLARED_SELECTOR = YES;
				GCC_WARN_UNINITIALIZED_AUTOS = YES_AGGRESSIVE;
				GCC_WARN_UNUSED_FUNCTION = YES;
				GCC_WARN_UNUSED_VARIABLE = YES;
				IPHONEOS_DEPLOYMENT_TARGET = 15.4;
				MTL_ENABLE_DEBUG_INFO = NO;
				MTL_FAST_MATH = YES;
				SDKROOT = iphoneos;
				SWIFT_COMPILATION_MODE = wholemodule;
				SWIFT_OPTIMIZATION_LEVEL = "-O";
				VALIDATE_PRODUCT = YES;
			};
			name = Release;
		};
		885AA87428CA142500BFC779 /* Debug */ = {
			isa = XCBuildConfiguration;
			buildSettings = {
				ASSETCATALOG_COMPILER_APPICON_NAME = AppIcon;
				ASSETCATALOG_COMPILER_GLOBAL_ACCENT_COLOR_NAME = AccentColor;
				CODE_SIGN_STYLE = Automatic;
				CURRENT_PROJECT_VERSION = 1;
				DEVELOPMENT_TEAM = VDUQ8YSRC8;
				GENERATE_INFOPLIST_FILE = YES;
				INFOPLIST_FILE = "vk-api-project/Resources/Info.plist";
				INFOPLIST_KEY_UIApplicationSupportsIndirectInputEvents = YES;
				INFOPLIST_KEY_UILaunchStoryboardName = LaunchScreen;
				INFOPLIST_KEY_UISupportedInterfaceOrientations_iPad = "UIInterfaceOrientationPortrait UIInterfaceOrientationPortraitUpsideDown UIInterfaceOrientationLandscapeLeft UIInterfaceOrientationLandscapeRight";
				INFOPLIST_KEY_UISupportedInterfaceOrientations_iPhone = "UIInterfaceOrientationPortrait UIInterfaceOrientationLandscapeLeft UIInterfaceOrientationLandscapeRight";
				LD_RUNPATH_SEARCH_PATHS = (
					"$(inherited)",
					"@executable_path/Frameworks",
				);
				MARKETING_VERSION = 1.0;
				PRODUCT_BUNDLE_IDENTIFIER = "none.vk-api-project";
				PRODUCT_NAME = "$(TARGET_NAME)";
				SWIFT_EMIT_LOC_STRINGS = YES;
				SWIFT_VERSION = 5.0;
				TARGETED_DEVICE_FAMILY = "1,2";
			};
			name = Debug;
		};
		885AA87528CA142500BFC779 /* Release */ = {
			isa = XCBuildConfiguration;
			buildSettings = {
				ASSETCATALOG_COMPILER_APPICON_NAME = AppIcon;
				ASSETCATALOG_COMPILER_GLOBAL_ACCENT_COLOR_NAME = AccentColor;
				CODE_SIGN_STYLE = Automatic;
				CURRENT_PROJECT_VERSION = 1;
				DEVELOPMENT_TEAM = VDUQ8YSRC8;
				GENERATE_INFOPLIST_FILE = YES;
				INFOPLIST_FILE = "vk-api-project/Resources/Info.plist";
				INFOPLIST_KEY_UIApplicationSupportsIndirectInputEvents = YES;
				INFOPLIST_KEY_UILaunchStoryboardName = LaunchScreen;
				INFOPLIST_KEY_UISupportedInterfaceOrientations_iPad = "UIInterfaceOrientationPortrait UIInterfaceOrientationPortraitUpsideDown UIInterfaceOrientationLandscapeLeft UIInterfaceOrientationLandscapeRight";
				INFOPLIST_KEY_UISupportedInterfaceOrientations_iPhone = "UIInterfaceOrientationPortrait UIInterfaceOrientationLandscapeLeft UIInterfaceOrientationLandscapeRight";
				LD_RUNPATH_SEARCH_PATHS = (
					"$(inherited)",
					"@executable_path/Frameworks",
				);
				MARKETING_VERSION = 1.0;
				PRODUCT_BUNDLE_IDENTIFIER = "none.vk-api-project";
				PRODUCT_NAME = "$(TARGET_NAME)";
				SWIFT_EMIT_LOC_STRINGS = YES;
				SWIFT_VERSION = 5.0;
				TARGETED_DEVICE_FAMILY = "1,2";
			};
			name = Release;
		};
/* End XCBuildConfiguration section */

/* Begin XCConfigurationList section */
		885AA85A28CA142500BFC779 /* Build configuration list for PBXProject "vk-api-project" */ = {
			isa = XCConfigurationList;
			buildConfigurations = (
				885AA87128CA142500BFC779 /* Debug */,
				885AA87228CA142500BFC779 /* Release */,
			);
			defaultConfigurationIsVisible = 0;
			defaultConfigurationName = Release;
		};
		885AA87328CA142500BFC779 /* Build configuration list for PBXNativeTarget "vk-api-project" */ = {
			isa = XCConfigurationList;
			buildConfigurations = (
				885AA87428CA142500BFC779 /* Debug */,
				885AA87528CA142500BFC779 /* Release */,
			);
			defaultConfigurationIsVisible = 0;
			defaultConfigurationName = Release;
		};
/* End XCConfigurationList section */

/* Begin XCRemoteSwiftPackageReference section */
		887653DA28CCE61F00B2761A /* XCRemoteSwiftPackageReference "SDWebImage" */ = {
			isa = XCRemoteSwiftPackageReference;
			repositoryURL = "https://github.com/SDWebImage/SDWebImage.git";
			requirement = {
				kind = upToNextMajorVersion;
				minimumVersion = 5.0.0;
			};
		};
/* End XCRemoteSwiftPackageReference section */

/* Begin XCSwiftPackageProductDependency section */
		887653DB28CCE61F00B2761A /* SDWebImage */ = {
			isa = XCSwiftPackageProductDependency;
			package = 887653DA28CCE61F00B2761A /* XCRemoteSwiftPackageReference "SDWebImage" */;
			productName = SDWebImage;
		};
/* End XCSwiftPackageProductDependency section */
	};
	rootObject = 885AA85728CA142500BFC779 /* Project object */;
}
